
Microsoft Visual Studio Solution File, Format Version 12.00
# Visual Studio Version 16
VisualStudioVersion = 16.0.30011.22
MinimumVisualStudioVersion = 15.0.26124.0
Project("{9A19103F-16F7-4668-BE54-9A1E7A4F7556}") = "Be.Stateless.PowerShell.Module.BizTalk.Binding", "src\Be.Stateless.PowerShell.Module.BizTalk.Binding\Be.Stateless.PowerShell.Module.BizTalk.Binding.csproj", "{DAB095A5-8F34-4C98-94C2-540B3FADA938}"
EndProject
Global
	GlobalSection(SolutionConfigurationPlatforms) = preSolution
		Debug|Any CPU = Debug|Any CPU
		Release|Any CPU = Release|Any CPU
	EndGlobalSection
	GlobalSection(ProjectConfigurationPlatforms) = postSolution
		{DAB095A5-8F34-4C98-94C2-540B3FADA938}.Debug|Any CPU.ActiveCfg = Debug|Any CPU
		{DAB095A5-8F34-4C98-94C2-540B3FADA938}.Debug|Any CPU.Build.0 = Debug|Any CPU
		{DAB095A5-8F34-4C98-94C2-540B3FADA938}.Release|Any CPU.ActiveCfg = Release|Any CPU
		{DAB095A5-8F34-4C98-94C2-540B3FADA938}.Release|Any CPU.Build.0 = Release|Any CPU
	EndGlobalSection
	GlobalSection(SolutionProperties) = preSolution
		HideSolutionNode = FALSE
	EndGlobalSection
	GlobalSection(ExtensibilityGlobals) = postSolution
		SolutionGuid = {812C94C6-2FB5-4587-921F-11BFE6957893}
	EndGlobalSection
EndGlobal
